
Microsoft Visual Studio Solution File, Format Version 12.00
# Visual Studio Version 16
VisualStudioVersion = 16.0.30413.136
MinimumVisualStudioVersion = 10.0.40219.1
Project("{8BC9CEB8-8B4A-11D0-8D11-00A0C91BC942}") = "hw06_a01", "hw06_a01\hw06_a01.vcxproj", "{882CA1FF-2DDA-42D2-B0FD-B3750903F83E}"
EndProject
Project("{8BC9CEB8-8B4A-11D0-8D11-00A0C91BC942}") = "hw06_a02", "hw06_a02\hw06_a02.vcxproj", "{B67C0DA5-DC70-42FF-9F9B-8EA99A8FD931}"
EndProject
Project("{8BC9CEB8-8B4A-11D0-8D11-00A0C91BC942}") = "hw06_a03", "hw06_a03\hw06_a03.vcxproj", "{ED89407E-9161-45DB-982D-71C502D00127}"
EndProject
Global
	GlobalSection(SolutionConfigurationPlatforms) = preSolution
		Debug|x64 = Debug|x64
		Debug|x86 = Debug|x86
		Release|x64 = Release|x64
		Release|x86 = Release|x86
	EndGlobalSection
	GlobalSection(ProjectConfigurationPlatforms) = postSolution
		{882CA1FF-2DDA-42D2-B0FD-B3750903F83E}.Debug|x64.ActiveCfg = Debug|x64
		{882CA1FF-2DDA-42D2-B0FD-B3750903F83E}.Debug|x64.Build.0 = Debug|x64
		{882CA1FF-2DDA-42D2-B0FD-B3750903F83E}.Debug|x86.ActiveCfg = Debug|Win32
		{882CA1FF-2DDA-42D2-B0FD-B3750903F83E}.Debug|x86.Build.0 = Debug|Win32
		{882CA1FF-2DDA-42D2-B0FD-B3750903F83E}.Release|x64.ActiveCfg = Release|x64
		{882CA1FF-2DDA-42D2-B0FD-B3750903F83E}.Release|x64.Build.0 = Release|x64
		{882CA1FF-2DDA-42D2-B0FD-B3750903F83E}.Release|x86.ActiveCfg = Release|Win32
		{882CA1FF-2DDA-42D2-B0FD-B3750903F83E}.Release|x86.Build.0 = Release|Win32
		{B67C0DA5-DC70-42FF-9F9B-8EA99A8FD931}.Debug|x64.ActiveCfg = Debug|x64
		{B67C0DA5-DC70-42FF-9F9B-8EA99A8FD931}.Debug|x64.Build.0 = Debug|x64
		{B67C0DA5-DC70-42FF-9F9B-8EA99A8FD931}.Debug|x86.ActiveCfg = Debug|Win32
		{B67C0DA5-DC70-42FF-9F9B-8EA99A8FD931}.Debug|x86.Build.0 = Debug|Win32
		{B67C0DA5-DC70-42FF-9F9B-8EA99A8FD931}.Release|x64.ActiveCfg = Release|x64
		{B67C0DA5-DC70-42FF-9F9B-8EA99A8FD931}.Release|x64.Build.0 = Release|x64
		{B67C0DA5-DC70-42FF-9F9B-8EA99A8FD931}.Release|x86.ActiveCfg = Release|Win32
		{B67C0DA5-DC70-42FF-9F9B-8EA99A8FD931}.Release|x86.Build.0 = Release|Win32
		{ED89407E-9161-45DB-982D-71C502D00127}.Debug|x64.ActiveCfg = Debug|x64
		{ED89407E-9161-45DB-982D-71C502D00127}.Debug|x64.Build.0 = Debug|x64
		{ED89407E-9161-45DB-982D-71C502D00127}.Debug|x86.ActiveCfg = Debug|Win32
		{ED89407E-9161-45DB-982D-71C502D00127}.Debug|x86.Build.0 = Debug|Win32
		{ED89407E-9161-45DB-982D-71C502D00127}.Release|x64.ActiveCfg = Release|x64
		{ED89407E-9161-45DB-982D-71C502D00127}.Release|x64.Build.0 = Release|x64
		{ED89407E-9161-45DB-982D-71C502D00127}.Release|x86.ActiveCfg = Release|Win32
		{ED89407E-9161-45DB-982D-71C502D00127}.Release|x86.Build.0 = Release|Win32
	EndGlobalSection
	GlobalSection(SolutionProperties) = preSolution
		HideSolutionNode = FALSE
	EndGlobalSection
	GlobalSection(ExtensibilityGlobals) = postSolution
		SolutionGuid = {8AE25CA0-51C5-43FD-9301-8BF9AAED2127}
	EndGlobalSection
EndGlobal
