
Microsoft Visual Studio Solution File, Format Version 12.00
# Visual Studio Version 16
VisualStudioVersion = 16.0.30413.136
MinimumVisualStudioVersion = 10.0.40219.1
Project("{8BC9CEB8-8B4A-11D0-8D11-00A0C91BC942}") = "hw02_a01", "hw02_a01\hw02_a01.vcxproj", "{AC725239-D4B9-4726-B3C4-DA31A9E4A93D}"
EndProject
Project("{8BC9CEB8-8B4A-11D0-8D11-00A0C91BC942}") = "hw02_a02", "hw02_a02\hw02_a02.vcxproj", "{5272B922-3302-4EC5-BA8C-0EB0296EC948}"
EndProject
Project("{8BC9CEB8-8B4A-11D0-8D11-00A0C91BC942}") = "hw02_a03", "hw02_a03\hw02_a03.vcxproj", "{26A2ECCD-FD11-43AD-84F5-B771DFD9C2EB}"
EndProject
Global
	GlobalSection(SolutionConfigurationPlatforms) = preSolution
		Debug|x64 = Debug|x64
		Debug|x86 = Debug|x86
		Release|x64 = Release|x64
		Release|x86 = Release|x86
	EndGlobalSection
	GlobalSection(ProjectConfigurationPlatforms) = postSolution
		{AC725239-D4B9-4726-B3C4-DA31A9E4A93D}.Debug|x64.ActiveCfg = Debug|x64
		{AC725239-D4B9-4726-B3C4-DA31A9E4A93D}.Debug|x64.Build.0 = Debug|x64
		{AC725239-D4B9-4726-B3C4-DA31A9E4A93D}.Debug|x86.ActiveCfg = Debug|Win32
		{AC725239-D4B9-4726-B3C4-DA31A9E4A93D}.Debug|x86.Build.0 = Debug|Win32
		{AC725239-D4B9-4726-B3C4-DA31A9E4A93D}.Release|x64.ActiveCfg = Release|x64
		{AC725239-D4B9-4726-B3C4-DA31A9E4A93D}.Release|x64.Build.0 = Release|x64
		{AC725239-D4B9-4726-B3C4-DA31A9E4A93D}.Release|x86.ActiveCfg = Release|Win32
		{AC725239-D4B9-4726-B3C4-DA31A9E4A93D}.Release|x86.Build.0 = Release|Win32
		{5272B922-3302-4EC5-BA8C-0EB0296EC948}.Debug|x64.ActiveCfg = Debug|x64
		{5272B922-3302-4EC5-BA8C-0EB0296EC948}.Debug|x64.Build.0 = Debug|x64
		{5272B922-3302-4EC5-BA8C-0EB0296EC948}.Debug|x86.ActiveCfg = Debug|Win32
		{5272B922-3302-4EC5-BA8C-0EB0296EC948}.Debug|x86.Build.0 = Debug|Win32
		{5272B922-3302-4EC5-BA8C-0EB0296EC948}.Release|x64.ActiveCfg = Release|x64
		{5272B922-3302-4EC5-BA8C-0EB0296EC948}.Release|x64.Build.0 = Release|x64
		{5272B922-3302-4EC5-BA8C-0EB0296EC948}.Release|x86.ActiveCfg = Release|Win32
		{5272B922-3302-4EC5-BA8C-0EB0296EC948}.Release|x86.Build.0 = Release|Win32
		{26A2ECCD-FD11-43AD-84F5-B771DFD9C2EB}.Debug|x64.ActiveCfg = Debug|x64
		{26A2ECCD-FD11-43AD-84F5-B771DFD9C2EB}.Debug|x64.Build.0 = Debug|x64
		{26A2ECCD-FD11-43AD-84F5-B771DFD9C2EB}.Debug|x86.ActiveCfg = Debug|Win32
		{26A2ECCD-FD11-43AD-84F5-B771DFD9C2EB}.Debug|x86.Build.0 = Debug|Win32
		{26A2ECCD-FD11-43AD-84F5-B771DFD9C2EB}.Release|x64.ActiveCfg = Release|x64
		{26A2ECCD-FD11-43AD-84F5-B771DFD9C2EB}.Release|x64.Build.0 = Release|x64
		{26A2ECCD-FD11-43AD-84F5-B771DFD9C2EB}.Release|x86.ActiveCfg = Release|Win32
		{26A2ECCD-FD11-43AD-84F5-B771DFD9C2EB}.Release|x86.Build.0 = Release|Win32
	EndGlobalSection
	GlobalSection(SolutionProperties) = preSolution
		HideSolutionNode = FALSE
	EndGlobalSection
	GlobalSection(ExtensibilityGlobals) = postSolution
		SolutionGuid = {7FF08AF6-35DF-4E36-929F-09F6EABB751F}
	EndGlobalSection
EndGlobal
