
Microsoft Visual Studio Solution File, Format Version 12.00
# Visual Studio Version 16
VisualStudioVersion = 16.0.30413.136
MinimumVisualStudioVersion = 10.0.40219.1
Project("{8BC9CEB8-8B4A-11D0-8D11-00A0C91BC942}") = "dicidecolors", "dicidecolors\dicidecolors.vcxproj", "{35E81D2B-CAF3-47DD-8960-8F6318CAAAAA}"
EndProject
Project("{8BC9CEB8-8B4A-11D0-8D11-00A0C91BC942}") = "permutation", "permutation\permutation.vcxproj", "{BD14F62C-9CFF-4AC0-A753-D8BB1C8EDA91}"
EndProject
Project("{8BC9CEB8-8B4A-11D0-8D11-00A0C91BC942}") = "globalvar", "globalvar\globalvar.vcxproj", "{AAECE2EB-9DB6-4AA9-AC2D-1979263C626E}"
EndProject
Project("{8BC9CEB8-8B4A-11D0-8D11-00A0C91BC942}") = "addnum", "addnum\addnum.vcxproj", "{4FC4EED9-2913-4007-9BBD-3A8F42670B81}"
EndProject
Project("{8BC9CEB8-8B4A-11D0-8D11-00A0C91BC942}") = "addnumsimple", "addnumsimple\addnumsimple.vcxproj", "{71205211-1261-4128-8A50-A38BBFB22421}"
EndProject
Project("{8BC9CEB8-8B4A-11D0-8D11-00A0C91BC942}") = "circumference", "circumference\circumference.vcxproj", "{1AA19F05-0667-4485-A2DF-6ABEEF723079}"
EndProject
Project("{8BC9CEB8-8B4A-11D0-8D11-00A0C91BC942}") = "meanvar", "meanvar\meanvar.vcxproj", "{DDDE3B63-E9DC-4033-8EAE-ABD9E30271E5}"
EndProject
Global
	GlobalSection(SolutionConfigurationPlatforms) = preSolution
		Debug|x64 = Debug|x64
		Debug|x86 = Debug|x86
		Release|x64 = Release|x64
		Release|x86 = Release|x86
	EndGlobalSection
	GlobalSection(ProjectConfigurationPlatforms) = postSolution
		{35E81D2B-CAF3-47DD-8960-8F6318CAAAAA}.Debug|x64.ActiveCfg = Debug|x64
		{35E81D2B-CAF3-47DD-8960-8F6318CAAAAA}.Debug|x64.Build.0 = Debug|x64
		{35E81D2B-CAF3-47DD-8960-8F6318CAAAAA}.Debug|x86.ActiveCfg = Debug|Win32
		{35E81D2B-CAF3-47DD-8960-8F6318CAAAAA}.Debug|x86.Build.0 = Debug|Win32
		{35E81D2B-CAF3-47DD-8960-8F6318CAAAAA}.Release|x64.ActiveCfg = Release|x64
		{35E81D2B-CAF3-47DD-8960-8F6318CAAAAA}.Release|x64.Build.0 = Release|x64
		{35E81D2B-CAF3-47DD-8960-8F6318CAAAAA}.Release|x86.ActiveCfg = Release|Win32
		{35E81D2B-CAF3-47DD-8960-8F6318CAAAAA}.Release|x86.Build.0 = Release|Win32
		{BD14F62C-9CFF-4AC0-A753-D8BB1C8EDA91}.Debug|x64.ActiveCfg = Debug|x64
		{BD14F62C-9CFF-4AC0-A753-D8BB1C8EDA91}.Debug|x64.Build.0 = Debug|x64
		{BD14F62C-9CFF-4AC0-A753-D8BB1C8EDA91}.Debug|x86.ActiveCfg = Debug|Win32
		{BD14F62C-9CFF-4AC0-A753-D8BB1C8EDA91}.Debug|x86.Build.0 = Debug|Win32
		{BD14F62C-9CFF-4AC0-A753-D8BB1C8EDA91}.Release|x64.ActiveCfg = Release|x64
		{BD14F62C-9CFF-4AC0-A753-D8BB1C8EDA91}.Release|x64.Build.0 = Release|x64
		{BD14F62C-9CFF-4AC0-A753-D8BB1C8EDA91}.Release|x86.ActiveCfg = Release|Win32
		{BD14F62C-9CFF-4AC0-A753-D8BB1C8EDA91}.Release|x86.Build.0 = Release|Win32
		{AAECE2EB-9DB6-4AA9-AC2D-1979263C626E}.Debug|x64.ActiveCfg = Debug|x64
		{AAECE2EB-9DB6-4AA9-AC2D-1979263C626E}.Debug|x64.Build.0 = Debug|x64
		{AAECE2EB-9DB6-4AA9-AC2D-1979263C626E}.Debug|x86.ActiveCfg = Debug|Win32
		{AAECE2EB-9DB6-4AA9-AC2D-1979263C626E}.Debug|x86.Build.0 = Debug|Win32
		{AAECE2EB-9DB6-4AA9-AC2D-1979263C626E}.Release|x64.ActiveCfg = Release|x64
		{AAECE2EB-9DB6-4AA9-AC2D-1979263C626E}.Release|x64.Build.0 = Release|x64
		{AAECE2EB-9DB6-4AA9-AC2D-1979263C626E}.Release|x86.ActiveCfg = Release|Win32
		{AAECE2EB-9DB6-4AA9-AC2D-1979263C626E}.Release|x86.Build.0 = Release|Win32
		{4FC4EED9-2913-4007-9BBD-3A8F42670B81}.Debug|x64.ActiveCfg = Debug|x64
		{4FC4EED9-2913-4007-9BBD-3A8F42670B81}.Debug|x64.Build.0 = Debug|x64
		{4FC4EED9-2913-4007-9BBD-3A8F42670B81}.Debug|x86.ActiveCfg = Debug|Win32
		{4FC4EED9-2913-4007-9BBD-3A8F42670B81}.Debug|x86.Build.0 = Debug|Win32
		{4FC4EED9-2913-4007-9BBD-3A8F42670B81}.Release|x64.ActiveCfg = Release|x64
		{4FC4EED9-2913-4007-9BBD-3A8F42670B81}.Release|x64.Build.0 = Release|x64
		{4FC4EED9-2913-4007-9BBD-3A8F42670B81}.Release|x86.ActiveCfg = Release|Win32
		{4FC4EED9-2913-4007-9BBD-3A8F42670B81}.Release|x86.Build.0 = Release|Win32
		{71205211-1261-4128-8A50-A38BBFB22421}.Debug|x64.ActiveCfg = Debug|x64
		{71205211-1261-4128-8A50-A38BBFB22421}.Debug|x64.Build.0 = Debug|x64
		{71205211-1261-4128-8A50-A38BBFB22421}.Debug|x86.ActiveCfg = Debug|Win32
		{71205211-1261-4128-8A50-A38BBFB22421}.Debug|x86.Build.0 = Debug|Win32
		{71205211-1261-4128-8A50-A38BBFB22421}.Release|x64.ActiveCfg = Release|x64
		{71205211-1261-4128-8A50-A38BBFB22421}.Release|x64.Build.0 = Release|x64
		{71205211-1261-4128-8A50-A38BBFB22421}.Release|x86.ActiveCfg = Release|Win32
		{71205211-1261-4128-8A50-A38BBFB22421}.Release|x86.Build.0 = Release|Win32
		{1AA19F05-0667-4485-A2DF-6ABEEF723079}.Debug|x64.ActiveCfg = Debug|x64
		{1AA19F05-0667-4485-A2DF-6ABEEF723079}.Debug|x64.Build.0 = Debug|x64
		{1AA19F05-0667-4485-A2DF-6ABEEF723079}.Debug|x86.ActiveCfg = Debug|Win32
		{1AA19F05-0667-4485-A2DF-6ABEEF723079}.Debug|x86.Build.0 = Debug|Win32
		{1AA19F05-0667-4485-A2DF-6ABEEF723079}.Release|x64.ActiveCfg = Release|x64
		{1AA19F05-0667-4485-A2DF-6ABEEF723079}.Release|x64.Build.0 = Release|x64
		{1AA19F05-0667-4485-A2DF-6ABEEF723079}.Release|x86.ActiveCfg = Release|Win32
		{1AA19F05-0667-4485-A2DF-6ABEEF723079}.Release|x86.Build.0 = Release|Win32
		{DDDE3B63-E9DC-4033-8EAE-ABD9E30271E5}.Debug|x64.ActiveCfg = Debug|x64
		{DDDE3B63-E9DC-4033-8EAE-ABD9E30271E5}.Debug|x64.Build.0 = Debug|x64
		{DDDE3B63-E9DC-4033-8EAE-ABD9E30271E5}.Debug|x86.ActiveCfg = Debug|Win32
		{DDDE3B63-E9DC-4033-8EAE-ABD9E30271E5}.Debug|x86.Build.0 = Debug|Win32
		{DDDE3B63-E9DC-4033-8EAE-ABD9E30271E5}.Release|x64.ActiveCfg = Release|x64
		{DDDE3B63-E9DC-4033-8EAE-ABD9E30271E5}.Release|x64.Build.0 = Release|x64
		{DDDE3B63-E9DC-4033-8EAE-ABD9E30271E5}.Release|x86.ActiveCfg = Release|Win32
		{DDDE3B63-E9DC-4033-8EAE-ABD9E30271E5}.Release|x86.Build.0 = Release|Win32
	EndGlobalSection
	GlobalSection(SolutionProperties) = preSolution
		HideSolutionNode = FALSE
	EndGlobalSection
	GlobalSection(ExtensibilityGlobals) = postSolution
		SolutionGuid = {59F729B3-CB96-4E2B-90FD-527247D85A88}
	EndGlobalSection
EndGlobal
